
Microsoft Visual Studio Solution File, Format Version 12.00
# Visual Studio 15
VisualStudioVersion = 15.0.28010.2003
MinimumVisualStudioVersion = 10.0.40219.1
Project("{FAE04EC0-301F-11D3-BF4B-00C04F79EFBC}") = "sample2-1", "sample2-1\sample2-1.csproj", "{EE4FF10A-94BA-4E52-9949-F467434B8004}"
EndProject
Project("{FAE04EC0-301F-11D3-BF4B-00C04F79EFBC}") = "sample2-2", "sample2-2\sample2-2.csproj", "{075AB5F5-CF77-4E91-9B53-31D6845A8D2C}"
EndProject
Project("{FAE04EC0-301F-11D3-BF4B-00C04F79EFBC}") = "sample2-3", "sample2-3\sample2-3.csproj", "{81E8C5E3-7E25-469A-801D-F26F2D137001}"
EndProject
Project("{FAE04EC0-301F-11D3-BF4B-00C04F79EFBC}") = "sample2-4", "sample2-4\sample2-4.csproj", "{22CA6CAE-2710-40D1-AF7E-8B31F162F469}"
EndProject
Global
	GlobalSection(SolutionConfigurationPlatforms) = preSolution
		Debug|Any CPU = Debug|Any CPU
		Release|Any CPU = Release|Any CPU
	EndGlobalSection
	GlobalSection(ProjectConfigurationPlatforms) = postSolution
		{EE4FF10A-94BA-4E52-9949-F467434B8004}.Debug|Any CPU.ActiveCfg = Debug|Any CPU
		{EE4FF10A-94BA-4E52-9949-F467434B8004}.Debug|Any CPU.Build.0 = Debug|Any CPU
		{EE4FF10A-94BA-4E52-9949-F467434B8004}.Release|Any CPU.ActiveCfg = Release|Any CPU
		{EE4FF10A-94BA-4E52-9949-F467434B8004}.Release|Any CPU.Build.0 = Release|Any CPU
		{075AB5F5-CF77-4E91-9B53-31D6845A8D2C}.Debug|Any CPU.ActiveCfg = Debug|Any CPU
		{075AB5F5-CF77-4E91-9B53-31D6845A8D2C}.Debug|Any CPU.Build.0 = Debug|Any CPU
		{075AB5F5-CF77-4E91-9B53-31D6845A8D2C}.Release|Any CPU.ActiveCfg = Release|Any CPU
		{075AB5F5-CF77-4E91-9B53-31D6845A8D2C}.Release|Any CPU.Build.0 = Release|Any CPU
		{81E8C5E3-7E25-469A-801D-F26F2D137001}.Debug|Any CPU.ActiveCfg = Debug|Any CPU
		{81E8C5E3-7E25-469A-801D-F26F2D137001}.Debug|Any CPU.Build.0 = Debug|Any CPU
		{81E8C5E3-7E25-469A-801D-F26F2D137001}.Release|Any CPU.ActiveCfg = Release|Any CPU
		{81E8C5E3-7E25-469A-801D-F26F2D137001}.Release|Any CPU.Build.0 = Release|Any CPU
		{22CA6CAE-2710-40D1-AF7E-8B31F162F469}.Debug|Any CPU.ActiveCfg = Debug|Any CPU
		{22CA6CAE-2710-40D1-AF7E-8B31F162F469}.Debug|Any CPU.Build.0 = Debug|Any CPU
		{22CA6CAE-2710-40D1-AF7E-8B31F162F469}.Release|Any CPU.ActiveCfg = Release|Any CPU
		{22CA6CAE-2710-40D1-AF7E-8B31F162F469}.Release|Any CPU.Build.0 = Release|Any CPU
	EndGlobalSection
	GlobalSection(SolutionProperties) = preSolution
		HideSolutionNode = FALSE
	EndGlobalSection
	GlobalSection(ExtensibilityGlobals) = postSolution
		SolutionGuid = {D93F229B-79B0-4349-A4B2-11796B9ADD40}
	EndGlobalSection
EndGlobal
